
Microsoft Visual Studio Solution File, Format Version 12.00
# Visual Studio Version 17
VisualStudioVersion = 17.7.34031.279
MinimumVisualStudioVersion = 10.0.40219.1
Project("{FAE04EC0-301F-11D3-BF4B-00C04F79EFBC}") = "ToDoAPI", "ToDoAPI.csproj", "{EC2F9D3E-9F31-4141-A8F2-D68611F532F9}"
EndProject
Global
	GlobalSection(SolutionConfigurationPlatforms) = preSolution
		Debug|Any CPU = Debug|Any CPU
		Release|Any CPU = Release|Any CPU
	EndGlobalSection
	GlobalSection(ProjectConfigurationPlatforms) = postSolution
		{EC2F9D3E-9F31-4141-A8F2-D68611F532F9}.Debug|Any CPU.ActiveCfg = Debug|Any CPU
		{EC2F9D3E-9F31-4141-A8F2-D68611F532F9}.Debug|Any CPU.Build.0 = Debug|Any CPU
		{EC2F9D3E-9F31-4141-A8F2-D68611F532F9}.Release|Any CPU.ActiveCfg = Release|Any CPU
		{EC2F9D3E-9F31-4141-A8F2-D68611F532F9}.Release|Any CPU.Build.0 = Release|Any CPU
	EndGlobalSection
	GlobalSection(SolutionProperties) = preSolution
		HideSolutionNode = FALSE
	EndGlobalSection
	GlobalSection(ExtensibilityGlobals) = postSolution
		SolutionGuid = {5A1D71C8-032E-4C61-9FA7-E484289AD46E}
	EndGlobalSection
EndGlobal
